
Microsoft Visual Studio Solution File, Format Version 12.00
# Visual Studio Version 17
VisualStudioVersion = 17.12.35521.163
MinimumVisualStudioVersion = 10.0.40219.1
Project("{FAE04EC0-301F-11D3-BF4B-00C04F79EFBC}") = "ManifestPortal1", "ManifestPortal1\ManifestPortal1.csproj", "{BEB7A8E4-8AD2-4ECA-83A4-AEE9F4D0FA16}"
	ProjectSection(ProjectDependencies) = postProject
		{E9D6F7F6-5B9C-4DC6-B60A-D6370BD1F663} = {E9D6F7F6-5B9C-4DC6-B60A-D6370BD1F663}
	EndProjectSection
EndProject
Project("{FAE04EC0-301F-11D3-BF4B-00C04F79EFBC}") = "ManifestPortal1.Business", "Business\ManifestPortal1.Business.csproj", "{1BC6BDB2-0859-4FC8-82DA-3CC51498253B}"
EndProject
Project("{FAE04EC0-301F-11D3-BF4B-00C04F79EFBC}") = "ManifestPortal1.DataAccess", "DataAccess\ManifestPortal1.DataAccess.csproj", "{E5F6AA91-5661-4024-96EA-9C27369101C0}"
EndProject
Project("{FAE04EC0-301F-11D3-BF4B-00C04F79EFBC}") = "ManifestPortal1.Entities", "Entities\ManifestPortal1.Entities.csproj", "{E9D6F7F6-5B9C-4DC6-B60A-D6370BD1F663}"
EndProject
Project("{FAE04EC0-301F-11D3-BF4B-00C04F79EFBC}") = "ManifestPortal1.Tests", "ManifestPortal1.Tests\ManifestPortal1.Tests.csproj", "{244031D6-C162-44BE-838B-106834E88707}"
EndProject
Global
	GlobalSection(SolutionConfigurationPlatforms) = preSolution
		Debug|Any CPU = Debug|Any CPU
		Release|Any CPU = Release|Any CPU
	EndGlobalSection
	GlobalSection(ProjectConfigurationPlatforms) = postSolution
		{BEB7A8E4-8AD2-4ECA-83A4-AEE9F4D0FA16}.Debug|Any CPU.ActiveCfg = Debug|Any CPU
		{BEB7A8E4-8AD2-4ECA-83A4-AEE9F4D0FA16}.Debug|Any CPU.Build.0 = Debug|Any CPU
		{BEB7A8E4-8AD2-4ECA-83A4-AEE9F4D0FA16}.Release|Any CPU.ActiveCfg = Release|Any CPU
		{BEB7A8E4-8AD2-4ECA-83A4-AEE9F4D0FA16}.Release|Any CPU.Build.0 = Release|Any CPU
		{1BC6BDB2-0859-4FC8-82DA-3CC51498253B}.Debug|Any CPU.ActiveCfg = Debug|Any CPU
		{1BC6BDB2-0859-4FC8-82DA-3CC51498253B}.Debug|Any CPU.Build.0 = Debug|Any CPU
		{1BC6BDB2-0859-4FC8-82DA-3CC51498253B}.Release|Any CPU.ActiveCfg = Release|Any CPU
		{1BC6BDB2-0859-4FC8-82DA-3CC51498253B}.Release|Any CPU.Build.0 = Release|Any CPU
		{E5F6AA91-5661-4024-96EA-9C27369101C0}.Debug|Any CPU.ActiveCfg = Debug|Any CPU
		{E5F6AA91-5661-4024-96EA-9C27369101C0}.Debug|Any CPU.Build.0 = Debug|Any CPU
		{E5F6AA91-5661-4024-96EA-9C27369101C0}.Release|Any CPU.ActiveCfg = Release|Any CPU
		{E5F6AA91-5661-4024-96EA-9C27369101C0}.Release|Any CPU.Build.0 = Release|Any CPU
		{E9D6F7F6-5B9C-4DC6-B60A-D6370BD1F663}.Debug|Any CPU.ActiveCfg = Debug|Any CPU
		{E9D6F7F6-5B9C-4DC6-B60A-D6370BD1F663}.Debug|Any CPU.Build.0 = Debug|Any CPU
		{E9D6F7F6-5B9C-4DC6-B60A-D6370BD1F663}.Release|Any CPU.ActiveCfg = Release|Any CPU
		{E9D6F7F6-5B9C-4DC6-B60A-D6370BD1F663}.Release|Any CPU.Build.0 = Release|Any CPU
		{244031D6-C162-44BE-838B-106834E88707}.Debug|Any CPU.ActiveCfg = Debug|Any CPU
		{244031D6-C162-44BE-838B-106834E88707}.Debug|Any CPU.Build.0 = Debug|Any CPU
		{244031D6-C162-44BE-838B-106834E88707}.Release|Any CPU.ActiveCfg = Release|Any CPU
		{244031D6-C162-44BE-838B-106834E88707}.Release|Any CPU.Build.0 = Release|Any CPU
	EndGlobalSection
	GlobalSection(SolutionProperties) = preSolution
		HideSolutionNode = FALSE
	EndGlobalSection
EndGlobal
